
Microsoft Visual Studio Solution File, Format Version 12.00
# Visual Studio 15
VisualStudioVersion = 15.0.27130.2027
MinimumVisualStudioVersion = 10.0.40219.1
Project("{FAE04EC0-301F-11D3-BF4B-00C04F79EFBC}") = "ScreenColor.Ninject", "ScreenColor\ScreenColor.Ninject.csproj", "{C00CD90E-E206-4693-A425-F98B8DB4AB8A}"
EndProject
Project("{FAE04EC0-301F-11D3-BF4B-00C04F79EFBC}") = "ScreenColor.Autofac", "ScreenColor.Autofac\ScreenColor.Autofac.csproj", "{14EB7D89-63D7-4D22-99C8-8F77CACF5295}"
EndProject
Project("{FAE04EC0-301F-11D3-BF4B-00C04F79EFBC}") = "ScreenColor.Unity", "ScreenColor.Unity\ScreenColor.Unity.csproj", "{AEC42C42-703B-4C1F-B556-493E36689539}"
EndProject
Project("{FAE04EC0-301F-11D3-BF4B-00C04F79EFBC}") = "ScreenColor.Common", "ScreenColor.Common\ScreenColor.Common.csproj", "{881C62B6-05B3-4F9D-8FFA-9519F5BC2D8A}"
EndProject
Project("{FAE04EC0-301F-11D3-BF4B-00C04F79EFBC}") = "ScreenColor.NetCore", "ScreenColor.NetCore\ScreenColor.NetCore.csproj", "{5A26542E-0C6C-4237-A4AA-BEDB955DCF98}"
EndProject
Global
	GlobalSection(SolutionConfigurationPlatforms) = preSolution
		Debug|Any CPU = Debug|Any CPU
		Release|Any CPU = Release|Any CPU
	EndGlobalSection
	GlobalSection(ProjectConfigurationPlatforms) = postSolution
		{C00CD90E-E206-4693-A425-F98B8DB4AB8A}.Debug|Any CPU.ActiveCfg = Debug|Any CPU
		{C00CD90E-E206-4693-A425-F98B8DB4AB8A}.Debug|Any CPU.Build.0 = Debug|Any CPU
		{C00CD90E-E206-4693-A425-F98B8DB4AB8A}.Release|Any CPU.ActiveCfg = Release|Any CPU
		{C00CD90E-E206-4693-A425-F98B8DB4AB8A}.Release|Any CPU.Build.0 = Release|Any CPU
		{14EB7D89-63D7-4D22-99C8-8F77CACF5295}.Debug|Any CPU.ActiveCfg = Debug|Any CPU
		{14EB7D89-63D7-4D22-99C8-8F77CACF5295}.Debug|Any CPU.Build.0 = Debug|Any CPU
		{14EB7D89-63D7-4D22-99C8-8F77CACF5295}.Release|Any CPU.ActiveCfg = Release|Any CPU
		{14EB7D89-63D7-4D22-99C8-8F77CACF5295}.Release|Any CPU.Build.0 = Release|Any CPU
		{AEC42C42-703B-4C1F-B556-493E36689539}.Debug|Any CPU.ActiveCfg = Debug|Any CPU
		{AEC42C42-703B-4C1F-B556-493E36689539}.Debug|Any CPU.Build.0 = Debug|Any CPU
		{AEC42C42-703B-4C1F-B556-493E36689539}.Release|Any CPU.ActiveCfg = Release|Any CPU
		{AEC42C42-703B-4C1F-B556-493E36689539}.Release|Any CPU.Build.0 = Release|Any CPU
		{881C62B6-05B3-4F9D-8FFA-9519F5BC2D8A}.Debug|Any CPU.ActiveCfg = Debug|Any CPU
		{881C62B6-05B3-4F9D-8FFA-9519F5BC2D8A}.Debug|Any CPU.Build.0 = Debug|Any CPU
		{881C62B6-05B3-4F9D-8FFA-9519F5BC2D8A}.Release|Any CPU.ActiveCfg = Release|Any CPU
		{881C62B6-05B3-4F9D-8FFA-9519F5BC2D8A}.Release|Any CPU.Build.0 = Release|Any CPU
		{5A26542E-0C6C-4237-A4AA-BEDB955DCF98}.Debug|Any CPU.ActiveCfg = Debug|Any CPU
		{5A26542E-0C6C-4237-A4AA-BEDB955DCF98}.Debug|Any CPU.Build.0 = Debug|Any CPU
		{5A26542E-0C6C-4237-A4AA-BEDB955DCF98}.Release|Any CPU.ActiveCfg = Release|Any CPU
		{5A26542E-0C6C-4237-A4AA-BEDB955DCF98}.Release|Any CPU.Build.0 = Release|Any CPU
	EndGlobalSection
	GlobalSection(SolutionProperties) = preSolution
		HideSolutionNode = FALSE
	EndGlobalSection
	GlobalSection(ExtensibilityGlobals) = postSolution
		SolutionGuid = {5B86FAB9-DE4E-486D-955D-C5EDE47CF3B2}
	EndGlobalSection
EndGlobal
